// !$*UTF8*$!
{
	archiveVersion = 1;
	classes = {
	};
	objectVersion = 50;
	objects = {

/* Begin PBXBuildFile section */
		0397EC23251461CD00008AD1 /* AppDelegate.swift in Sources */ = {isa = PBXBuildFile; fileRef = 0397EC22251461CD00008AD1 /* AppDelegate.swift */; };
		0397EC25251461CD00008AD1 /* SceneDelegate.swift in Sources */ = {isa = PBXBuildFile; fileRef = 0397EC24251461CD00008AD1 /* SceneDelegate.swift */; };
		0397EC27251461CD00008AD1 /* ContentView.swift in Sources */ = {isa = PBXBuildFile; fileRef = 0397EC26251461CD00008AD1 /* ContentView.swift */; };
		0397EC29251461D400008AD1 /* Assets.xcassets in Resources */ = {isa = PBXBuildFile; fileRef = 0397EC28251461D400008AD1 /* Assets.xcassets */; };
		0397EC2C251461D400008AD1 /* Preview Assets.xcassets in Resources */ = {isa = PBXBuildFile; fileRef = 0397EC2B251461D400008AD1 /* Preview Assets.xcassets */; };
		0397EC2F251461D400008AD1 /* LaunchScreen.storyboard in Resources */ = {isa = PBXBuildFile; fileRef = 0397EC2D251461D400008AD1 /* LaunchScreen.storyboard */; };
		0397EC3A251461D400008AD1 /* simple_weatherTests.swift in Sources */ = {isa = PBXBuildFile; fileRef = 0397EC39251461D400008AD1 /* simple_weatherTests.swift */; };
		0397EC45251461D400008AD1 /* simple_weatherUITests.swift in Sources */ = {isa = PBXBuildFile; fileRef = 0397EC44251461D400008AD1 /* simple_weatherUITests.swift */; };
/* End PBXBuildFile section */

/* Begin PBXContainerItemProxy section */
		0397EC36251461D400008AD1 /* PBXContainerItemProxy */ = {
			isa = PBXContainerItemProxy;
			containerPortal = 0397EC17251461CD00008AD1 /* Project object */;
			proxyType = 1;
			remoteGlobalIDString = 0397EC1E251461CD00008AD1;
			remoteInfo = "simple-weather";
		};
		0397EC41251461D400008AD1 /* PBXContainerItemProxy */ = {
			isa = PBXContainerItemProxy;
			containerPortal = 0397EC17251461CD00008AD1 /* Project object */;
			proxyType = 1;
			remoteGlobalIDString = 0397EC1E251461CD00008AD1;
			remoteInfo = "simple-weather";
		};
/* End PBXContainerItemProxy section */

/* Begin PBXFileReference section */
		0397EC1F251461CD00008AD1 /* simple-weather.app */ = {isa = PBXFileReference; explicitFileType = wrapper.application; includeInIndex = 0; path = "simple-weather.app"; sourceTree = BUILT_PRODUCTS_DIR; };
		0397EC22251461CD00008AD1 /* AppDelegate.swift */ = {isa = PBXFileReference; lastKnownFileType = sourcecode.swift; path = AppDelegate.swift; sourceTree = "<group>"; };
		0397EC24251461CD00008AD1 /* SceneDelegate.swift */ = {isa = PBXFileReference; lastKnownFileType = sourcecode.swift; path = SceneDelegate.swift; sourceTree = "<group>"; };
		0397EC26251461CD00008AD1 /* ContentView.swift */ = {isa = PBXFileReference; lastKnownFileType = sourcecode.swift; path = ContentView.swift; sourceTree = "<group>"; };
		0397EC28251461D400008AD1 /* Assets.xcassets */ = {isa = PBXFileReference; lastKnownFileType = folder.assetcatalog; path = Assets.xcassets; sourceTree = "<group>"; };
		0397EC2B251461D400008AD1 /* Preview Assets.xcassets */ = {isa = PBXFileReference; lastKnownFileType = folder.assetcatalog; path = "Preview Assets.xcassets"; sourceTree = "<group>"; };
		0397EC2E251461D400008AD1 /* Base */ = {isa = PBXFileReference; lastKnownFileType = file.storyboard; name = Base; path = Base.lproj/LaunchScreen.storyboard; sourceTree = "<group>"; };
		0397EC30251461D400008AD1 /* Info.plist */ = {isa = PBXFileReference; lastKnownFileType = text.plist.xml; path = Info.plist; sourceTree = "<group>"; };
		0397EC35251461D400008AD1 /* simple-weatherTests.xctest */ = {isa = PBXFileReference; explicitFileType = wrapper.cfbundle; includeInIndex = 0; path = "simple-weatherTests.xctest"; sourceTree = BUILT_PRODUCTS_DIR; };
		0397EC39251461D400008AD1 /* simple_weatherTests.swift */ = {isa = PBXFileReference; lastKnownFileType = sourcecode.swift; path = simple_weatherTests.swift; sourceTree = "<group>"; };
		0397EC3B251461D400008AD1 /* Info.plist */ = {isa = PBXFileReference; lastKnownFileType = text.plist.xml; path = Info.plist; sourceTree = "<group>"; };
		0397EC40251461D400008AD1 /* simple-weatherUITests.xctest */ = {isa = PBXFileReference; explicitFileType = wrapper.cfbundle; includeInIndex = 0; path = "simple-weatherUITests.xctest"; sourceTree = BUILT_PRODUCTS_DIR; };
		0397EC44251461D400008AD1 /* simple_weatherUITests.swift */ = {isa = PBXFileReference; lastKnownFileType = sourcecode.swift; path = simple_weatherUITests.swift; sourceTree = "<group>"; };
		0397EC46251461D400008AD1 /* Info.plist */ = {isa = PBXFileReference; lastKnownFileType = text.plist.xml; path = Info.plist; sourceTree = "<group>"; };
/* End PBXFileReference section */

/* Begin PBXFrameworksBuildPhase section */
		0397EC1C251461CD00008AD1 /* Frameworks */ = {
			isa = PBXFrameworksBuildPhase;
			buildActionMask = 2147483647;
			files = (
			);
			runOnlyForDeploymentPostprocessing = 0;
		};
		0397EC32251461D400008AD1 /* Frameworks */ = {
			isa = PBXFrameworksBuildPhase;
			buildActionMask = 2147483647;
			files = (
			);
			runOnlyForDeploymentPostprocessing = 0;
		};
		0397EC3D251461D400008AD1 /* Frameworks */ = {
			isa = PBXFrameworksBuildPhase;
			buildActionMask = 2147483647;
			files = (
			);
			runOnlyForDeploymentPostprocessing = 0;
		};
/* End PBXFrameworksBuildPhase section */

/* Begin PBXGroup section */
		0397EC16251461CD00008AD1 = {
			isa = PBXGroup;
			children = (
				0397EC21251461CD00008AD1 /* simple-weather */,
				0397EC38251461D400008AD1 /* simple-weatherTests */,
				0397EC43251461D400008AD1 /* simple-weatherUITests */,
				0397EC20251461CD00008AD1 /* Products */,
			);
			sourceTree = "<group>";
		};
		0397EC20251461CD00008AD1 /* Products */ = {
			isa = PBXGroup;
			children = (
				0397EC1F251461CD00008AD1 /* simple-weather.app */,
				0397EC35251461D400008AD1 /* simple-weatherTests.xctest */,
				0397EC40251461D400008AD1 /* simple-weatherUITests.xctest */,
			);
			name = Products;
			sourceTree = "<group>";
		};
		0397EC21251461CD00008AD1 /* simple-weather */ = {
			isa = PBXGroup;
			children = (
				0397EC22251461CD00008AD1 /* AppDelegate.swift */,
				0397EC24251461CD00008AD1 /* SceneDelegate.swift */,
				0397EC26251461CD00008AD1 /* ContentView.swift */,
				0397EC28251461D400008AD1 /* Assets.xcassets */,
				0397EC2D251461D400008AD1 /* LaunchScreen.storyboard */,
				0397EC30251461D400008AD1 /* Info.plist */,
				0397EC2A251461D400008AD1 /* Preview Content */,
			);
			path = "simple-weather";
			sourceTree = "<group>";
		};
		0397EC2A251461D400008AD1 /* Preview Content */ = {
			isa = PBXGroup;
			children = (
				0397EC2B251461D400008AD1 /* Preview Assets.xcassets */,
			);
			path = "Preview Content";
			sourceTree = "<group>";
		};
		0397EC38251461D400008AD1 /* simple-weatherTests */ = {
			isa = PBXGroup;
			children = (
				0397EC39251461D400008AD1 /* simple_weatherTests.swift */,
				0397EC3B251461D400008AD1 /* Info.plist */,
			);
			path = "simple-weatherTests";
			sourceTree = "<group>";
		};
		0397EC43251461D400008AD1 /* simple-weatherUITests */ = {
			isa = PBXGroup;
			children = (
				0397EC44251461D400008AD1 /* simple_weatherUITests.swift */,
				0397EC46251461D400008AD1 /* Info.plist */,
			);
			path = "simple-weatherUITests";
			sourceTree = "<group>";
		};
/* End PBXGroup section */

/* Begin PBXNativeTarget section */
		0397EC1E251461CD00008AD1 /* simple-weather */ = {
			isa = PBXNativeTarget;
			buildConfigurationList = 0397EC49251461D400008AD1 /* Build configuration list for PBXNativeTarget "simple-weather" */;
			buildPhases = (
				0397EC1B251461CD00008AD1 /* Sources */,
				0397EC1C251461CD00008AD1 /* Frameworks */,
				0397EC1D251461CD00008AD1 /* Resources */,
			);
			buildRules = (
			);
			dependencies = (
			);
			name = "simple-weather";
			productName = "simple-weather";
			productReference = 0397EC1F251461CD00008AD1 /* simple-weather.app */;
			productType = "com.apple.product-type.application";
		};
		0397EC34251461D400008AD1 /* simple-weatherTests */ = {
			isa = PBXNativeTarget;
			buildConfigurationList = 0397EC4C251461D400008AD1 /* Build configuration list for PBXNativeTarget "simple-weatherTests" */;
			buildPhases = (
				0397EC31251461D400008AD1 /* Sources */,
				0397EC32251461D400008AD1 /* Frameworks */,
				0397EC33251461D400008AD1 /* Resources */,
			);
			buildRules = (
			);
			dependencies = (
				0397EC37251461D400008AD1 /* PBXTargetDependency */,
			);
			name = "simple-weatherTests";
			productName = "simple-weatherTests";
			productReference = 0397EC35251461D400008AD1 /* simple-weatherTests.xctest */;
			productType = "com.apple.product-type.bundle.unit-test";
		};
		0397EC3F251461D400008AD1 /* simple-weatherUITests */ = {
			isa = PBXNativeTarget;
			buildConfigurationList = 0397EC4F251461D400008AD1 /* Build configuration list for PBXNativeTarget "simple-weatherUITests" */;
			buildPhases = (
				0397EC3C251461D400008AD1 /* Sources */,
				0397EC3D251461D400008AD1 /* Frameworks */,
				0397EC3E251461D400008AD1 /* Resources */,
			);
			buildRules = (
			);
			dependencies = (
				0397EC42251461D400008AD1 /* PBXTargetDependency */,
			);
			name = "simple-weatherUITests";
			productName = "simple-weatherUITests";
			productReference = 0397EC40251461D400008AD1 /* simple-weatherUITests.xctest */;
			productType = "com.apple.product-type.bundle.ui-testing";
		};
/* End PBXNativeTarget section */

/* Begin PBXProject section */
		0397EC17251461CD00008AD1 /* Project object */ = {
			isa = PBXProject;
			attributes = {
				LastSwiftUpdateCheck = 1170;
				LastUpgradeCheck = 1170;
				ORGANIZATIONNAME = "Jessica Pham";
				TargetAttributes = {
					0397EC1E251461CD00008AD1 = {
						CreatedOnToolsVersion = 11.7;
					};
					0397EC34251461D400008AD1 = {
						CreatedOnToolsVersion = 11.7;
						TestTargetID = 0397EC1E251461CD00008AD1;
					};
					0397EC3F251461D400008AD1 = {
						CreatedOnToolsVersion = 11.7;
						TestTargetID = 0397EC1E251461CD00008AD1;
					};
				};
			};
			buildConfigurationList = 0397EC1A251461CD00008AD1 /* Build configuration list for PBXProject "simple-weather" */;
			compatibilityVersion = "Xcode 9.3";
			developmentRegion = en;
			hasScannedForEncodings = 0;
			knownRegions = (
				en,
				Base,
			);
			mainGroup = 0397EC16251461CD00008AD1;
			productRefGroup = 0397EC20251461CD00008AD1 /* Products */;
			projectDirPath = "";
			projectRoot = "";
			targets = (
				0397EC1E251461CD00008AD1 /* simple-weather */,
				0397EC34251461D400008AD1 /* simple-weatherTests */,
				0397EC3F251461D400008AD1 /* simple-weatherUITests */,
			);
		};
/* End PBXProject section */

/* Begin PBXResourcesBuildPhase section */
		0397EC1D251461CD00008AD1 /* Resources */ = {
			isa = PBXResourcesBuildPhase;
			buildActionMask = 2147483647;
			files = (
				0397EC2F251461D400008AD1 /* LaunchScreen.storyboard in Resources */,
				0397EC2C251461D400008AD1 /* Preview Assets.xcassets in Resources */,
				0397EC29251461D400008AD1 /* Assets.xcassets in Resources */,
			);
			runOnlyForDeploymentPostprocessing = 0;
		};
		0397EC33251461D400008AD1 /* Resources */ = {
			isa = PBXResourcesBuildPhase;
			buildActionMask = 2147483647;
			files = (
			);
			runOnlyForDeploymentPostprocessing = 0;
		};
		0397EC3E251461D400008AD1 /* Resources */ = {
			isa = PBXResourcesBuildPhase;
			buildActionMask = 2147483647;
			files = (
			);
			runOnlyForDeploymentPostprocessing = 0;
		};
/* End PBXResourcesBuildPhase section */

/* Begin PBXSourcesBuildPhase section */
		0397EC1B251461CD00008AD1 /* Sources */ = {
			isa = PBXSourcesBuildPhase;
			buildActionMask = 2147483647;
			files = (
				0397EC23251461CD00008AD1 /* AppDelegate.swift in Sources */,
				0397EC25251461CD00008AD1 /* SceneDelegate.swift in Sources */,
				0397EC27251461CD00008AD1 /* ContentView.swift in Sources */,
			);
			runOnlyForDeploymentPostprocessing = 0;
		};
		0397EC31251461D400008AD1 /* Sources */ = {
			isa = PBXSourcesBuildPhase;
			buildActionMask = 2147483647;
			files = (
				0397EC3A251461D400008AD1 /* simple_weatherTests.swift in Sources */,
			);
			runOnlyForDeploymentPostprocessing = 0;
		};
		0397EC3C251461D400008AD1 /* Sources */ = {
			isa = PBXSourcesBuildPhase;
			buildActionMask = 2147483647;
			files = (
				0397EC45251461D400008AD1 /* simple_weatherUITests.swift in Sources */,
			);
			runOnlyForDeploymentPostprocessing = 0;
		};
/* End PBXSourcesBuildPhase section */

/* Begin PBXTargetDependency section */
		0397EC37251461D400008AD1 /* PBXTargetDependency */ = {
			isa = PBXTargetDependency;
			target = 0397EC1E251461CD00008AD1 /* simple-weather */;
			targetProxy = 0397EC36251461D400008AD1 /* PBXContainerItemProxy */;
		};
		0397EC42251461D400008AD1 /* PBXTargetDependency */ = {
			isa = PBXTargetDependency;
			target = 0397EC1E251461CD00008AD1 /* simple-weather */;
			targetProxy = 0397EC41251461D400008AD1 /* PBXContainerItemProxy */;
		};
/* End PBXTargetDependency section */

/* Begin PBXVariantGroup section */
		0397EC2D251461D400008AD1 /* LaunchScreen.storyboard */ = {
			isa = PBXVariantGroup;
			children = (
				0397EC2E251461D400008AD1 /* Base */,
			);
			name = LaunchScreen.storyboard;
			sourceTree = "<group>";
		};
/* End PBXVariantGroup section */

/* Begin XCBuildConfiguration section */
		0397EC47251461D400008AD1 /* Debug */ = {
			isa = XCBuildConfiguration;
			buildSettings = {
				ALWAYS_SEARCH_USER_PATHS = NO;
				CLANG_ANALYZER_NONNULL = YES;
				CLANG_ANALYZER_NUMBER_OBJECT_CONVERSION = YES_AGGRESSIVE;
				CLANG_CXX_LANGUAGE_STANDARD = "gnu++14";
				CLANG_CXX_LIBRARY = "libc++";
				CLANG_ENABLE_MODULES = YES;
				CLANG_ENABLE_OBJC_ARC = YES;
				CLANG_ENABLE_OBJC_WEAK = YES;
				CLANG_WARN_BLOCK_CAPTURE_AUTORELEASING = YES;
				CLANG_WARN_BOOL_CONVERSION = YES;
				CLANG_WARN_COMMA = YES;
				CLANG_WARN_CONSTANT_CONVERSION = YES;
				CLANG_WARN_DEPRECATED_OBJC_IMPLEMENTATIONS = YES;
				CLANG_WARN_DIRECT_OBJC_ISA_USAGE = YES_ERROR;
				CLANG_WARN_DOCUMENTATION_COMMENTS = YES;
				CLANG_WARN_EMPTY_BODY = YES;
				CLANG_WARN_ENUM_CONVERSION = YES;
				CLANG_WARN_INFINITE_RECURSION = YES;
				CLANG_WARN_INT_CONVERSION = YES;
				CLANG_WARN_NON_LITERAL_NULL_CONVERSION = YES;
				CLANG_WARN_OBJC_IMPLICIT_RETAIN_SELF = YES;
				CLANG_WARN_OBJC_LITERAL_CONVERSION = YES;
				CLANG_WARN_OBJC_ROOT_CLASS = YES_ERROR;
				CLANG_WARN_RANGE_LOOP_ANALYSIS = YES;
				CLANG_WARN_STRICT_PROTOTYPES = YES;
				CLANG_WARN_SUSPICIOUS_MOVE = YES;
				CLANG_WARN_UNGUARDED_AVAILABILITY = YES_AGGRESSIVE;
				CLANG_WARN_UNREACHABLE_CODE = YES;
				CLANG_WARN__DUPLICATE_METHOD_MATCH = YES;
				COPY_PHASE_STRIP = NO;
				DEBUG_INFORMATION_FORMAT = dwarf;
				ENABLE_STRICT_OBJC_MSGSEND = YES;
				ENABLE_TESTABILITY = YES;
				GCC_C_LANGUAGE_STANDARD = gnu11;
				GCC_DYNAMIC_NO_PIC = NO;
				GCC_NO_COMMON_BLOCKS = YES;
				GCC_OPTIMIZATION_LEVEL = 0;
				GCC_PREPROCESSOR_DEFINITIONS = (
					"DEBUG=1",
					"$(inherited)",
				);
				GCC_WARN_64_TO_32_BIT_CONVERSION = YES;
				GCC_WARN_ABOUT_RETURN_TYPE = YES_ERROR;
				GCC_WARN_UNDECLARED_SELECTOR = YES;
				GCC_WARN_UNINITIALIZED_AUTOS = YES_AGGRESSIVE;
				GCC_WARN_UNUSED_FUNCTION = YES;
				GCC_WARN_UNUSED_VARIABLE = YES;
				IPHONEOS_DEPLOYMENT_TARGET = 13.7;
				MTL_ENABLE_DEBUG_INFO = INCLUDE_SOURCE;
				MTL_FAST_MATH = YES;
				ONLY_ACTIVE_ARCH = YES;
				SDKROOT = iphoneos;
				SWIFT_ACTIVE_COMPILATION_CONDITIONS = DEBUG;
				SWIFT_OPTIMIZATION_LEVEL = "-Onone";
			};
			name = Debug;
		};
		0397EC48251461D400008AD1 /* Release */ = {
			isa = XCBuildConfiguration;
			buildSettings = {
				ALWAYS_SEARCH_USER_PATHS = NO;
				CLANG_ANALYZER_NONNULL = YES;
				CLANG_ANALYZER_NUMBER_OBJECT_CONVERSION = YES_AGGRESSIVE;
				CLANG_CXX_LANGUAGE_STANDARD = "gnu++14";
				CLANG_CXX_LIBRARY = "libc++";
				CLANG_ENABLE_MODULES = YES;
				CLANG_ENABLE_OBJC_ARC = YES;
				CLANG_ENABLE_OBJC_WEAK = YES;
				CLANG_WARN_BLOCK_CAPTURE_AUTORELEASING = YES;
				CLANG_WARN_BOOL_CONVERSION = YES;
				CLANG_WARN_COMMA = YES;
				CLANG_WARN_CONSTANT_CONVERSION = YES;
				CLANG_WARN_DEPRECATED_OBJC_IMPLEMENTATIONS = YES;
				CLANG_WARN_DIRECT_OBJC_ISA_USAGE = YES_ERROR;
				CLANG_WARN_DOCUMENTATION_COMMENTS = YES;
				CLANG_WARN_EMPTY_BODY = YES;
				CLANG_WARN_ENUM_CONVERSION = YES;
				CLANG_WARN_INFINITE_RECURSION = YES;
				CLANG_WARN_INT_CONVERSION = YES;
				CLANG_WARN_NON_LITERAL_NULL_CONVERSION = YES;
				CLANG_WARN_OBJC_IMPLICIT_RETAIN_SELF = YES;
				CLANG_WARN_OBJC_LITERAL_CONVERSION = YES;
				CLANG_WARN_OBJC_ROOT_CLASS = YES_ERROR;
				CLANG_WARN_RANGE_LOOP_ANALYSIS = YES;
				CLANG_WARN_STRICT_PROTOTYPES = YES;
				CLANG_WARN_SUSPICIOUS_MOVE = YES;
				CLANG_WARN_UNGUARDED_AVAILABILITY = YES_AGGRESSIVE;
				CLANG_WARN_UNREACHABLE_CODE = YES;
				CLANG_WARN__DUPLICATE_METHOD_MATCH = YES;
				COPY_PHASE_STRIP = NO;
				DEBUG_INFORMATION_FORMAT = "dwarf-with-dsym";
				ENABLE_NS_ASSERTIONS = NO;
				ENABLE_STRICT_OBJC_MSGSEND = YES;
				GCC_C_LANGUAGE_STANDARD = gnu11;
				GCC_NO_COMMON_BLOCKS = YES;
				GCC_WARN_64_TO_32_BIT_CONVERSION = YES;
				GCC_WARN_ABOUT_RETURN_TYPE = YES_ERROR;
				GCC_WARN_UNDECLARED_SELECTOR = YES;
				GCC_WARN_UNINITIALIZED_AUTOS = YES_AGGRESSIVE;
				GCC_WARN_UNUSED_FUNCTION = YES;
				GCC_WARN_UNUSED_VARIABLE = YES;
				IPHONEOS_DEPLOYMENT_TARGET = 13.7;
				MTL_ENABLE_DEBUG_INFO = NO;
				MTL_FAST_MATH = YES;
				SDKROOT = iphoneos;
				SWIFT_COMPILATION_MODE = wholemodule;
				SWIFT_OPTIMIZATION_LEVEL = "-O";
				VALIDATE_PRODUCT = YES;
			};
			name = Release;
		};
		0397EC4A251461D400008AD1 /* Debug */ = {
			isa = XCBuildConfiguration;
			buildSettings = {
				ASSETCATALOG_COMPILER_APPICON_NAME = AppIcon;
				CODE_SIGN_STYLE = Automatic;
				DEVELOPMENT_ASSET_PATHS = "\"simple-weather/Preview Content\"";
				ENABLE_PREVIEWS = YES;
				INFOPLIST_FILE = "simple-weather/Info.plist";
				LD_RUNPATH_SEARCH_PATHS = (
					"$(inherited)",
					"@executable_path/Frameworks",
				);
				PRODUCT_BUNDLE_IDENTIFIER = "jessica.simple-weather";
				PRODUCT_NAME = "$(TARGET_NAME)";
				SWIFT_VERSION = 5.0;
				TARGETED_DEVICE_FAMILY = "1,2";
			};
			name = Debug;
		};
		0397EC4B251461D400008AD1 /* Release */ = {
			isa = XCBuildConfiguration;
			buildSettings = {
				ASSETCATALOG_COMPILER_APPICON_NAME = AppIcon;
				CODE_SIGN_STYLE = Automatic;
				DEVELOPMENT_ASSET_PATHS = "\"simple-weather/Preview Content\"";
				ENABLE_PREVIEWS = YES;
				INFOPLIST_FILE = "simple-weather/Info.plist";
				LD_RUNPATH_SEARCH_PATHS = (
					"$(inherited)",
					"@executable_path/Frameworks",
				);
				PRODUCT_BUNDLE_IDENTIFIER = "jessica.simple-weather";
				PRODUCT_NAME = "$(TARGET_NAME)";
				SWIFT_VERSION = 5.0;
				TARGETED_DEVICE_FAMILY = "1,2";
			};
			name = Release;
		};
		0397EC4D251461D400008AD1 /* Debug */ = {
			isa = XCBuildConfiguration;
			buildSettings = {
				ALWAYS_EMBED_SWIFT_STANDARD_LIBRARIES = YES;
				BUNDLE_LOADER = "$(TEST_HOST)";
				CODE_SIGN_STYLE = Automatic;
				INFOPLIST_FILE = "simple-weatherTests/Info.plist";
				IPHONEOS_DEPLOYMENT_TARGET = 13.7;
				LD_RUNPATH_SEARCH_PATHS = (
					"$(inherited)",
					"@executable_path/Frameworks",
					"@loader_path/Frameworks",
				);
				PRODUCT_BUNDLE_IDENTIFIER = "jessica.simple-weatherTests";
				PRODUCT_NAME = "$(TARGET_NAME)";
				SWIFT_VERSION = 5.0;
				TARGETED_DEVICE_FAMILY = "1,2";
				TEST_HOST = "$(BUILT_PRODUCTS_DIR)/simple-weather.app/simple-weather";
			};
			name = Debug;
		};
		0397EC4E251461D400008AD1 /* Release */ = {
			isa = XCBuildConfiguration;
			buildSettings = {
				ALWAYS_EMBED_SWIFT_STANDARD_LIBRARIES = YES;
				BUNDLE_LOADER = "$(TEST_HOST)";
				CODE_SIGN_STYLE = Automatic;
				INFOPLIST_FILE = "simple-weatherTests/Info.plist";
				IPHONEOS_DEPLOYMENT_TARGET = 13.7;
				LD_RUNPATH_SEARCH_PATHS = (
					"$(inherited)",
					"@executable_path/Frameworks",
					"@loader_path/Frameworks",
				);
				PRODUCT_BUNDLE_IDENTIFIER = "jessica.simple-weatherTests";
				PRODUCT_NAME = "$(TARGET_NAME)";
				SWIFT_VERSION = 5.0;
				TARGETED_DEVICE_FAMILY = "1,2";
				TEST_HOST = "$(BUILT_PRODUCTS_DIR)/simple-weather.app/simple-weather";
			};
			name = Release;
		};
		0397EC50251461D400008AD1 /* Debug */ = {
			isa = XCBuildConfiguration;
			buildSettings = {
				ALWAYS_EMBED_SWIFT_STANDARD_LIBRARIES = YES;
				CODE_SIGN_STYLE = Automatic;
				INFOPLIST_FILE = "simple-weatherUITests/Info.plist";
				LD_RUNPATH_SEARCH_PATHS = (
					"$(inherited)",
					"@executable_path/Frameworks",
					"@loader_path/Frameworks",
				);
				PRODUCT_BUNDLE_IDENTIFIER = "jessica.simple-weatherUITests";
				PRODUCT_NAME = "$(TARGET_NAME)";
				SWIFT_VERSION = 5.0;
				TARGETED_DEVICE_FAMILY = "1,2";
				TEST_TARGET_NAME = "simple-weather";
			};
			name = Debug;
		};
		0397EC51251461D400008AD1 /* Release */ = {
			isa = XCBuildConfiguration;
			buildSettings = {
				ALWAYS_EMBED_SWIFT_STANDARD_LIBRARIES = YES;
				CODE_SIGN_STYLE = Automatic;
				INFOPLIST_FILE = "simple-weatherUITests/Info.plist";
				LD_RUNPATH_SEARCH_PATHS = (
					"$(inherited)",
					"@executable_path/Frameworks",
					"@loader_path/Frameworks",
				);
				PRODUCT_BUNDLE_IDENTIFIER = "jessica.simple-weatherUITests";
				PRODUCT_NAME = "$(TARGET_NAME)";
				SWIFT_VERSION = 5.0;
				TARGETED_DEVICE_FAMILY = "1,2";
				TEST_TARGET_NAME = "simple-weather";
			};
			name = Release;
		};
/* End XCBuildConfiguration section */

/* Begin XCConfigurationList section */
		0397EC1A251461CD00008AD1 /* Build configuration list for PBXProject "simple-weather" */ = {
			isa = XCConfigurationList;
			buildConfigurations = (
				0397EC47251461D400008AD1 /* Debug */,
				0397EC48251461D400008AD1 /* Release */,
			);
			defaultConfigurationIsVisible = 0;
			defaultConfigurationName = Release;
		};
		0397EC49251461D400008AD1 /* Build configuration list for PBXNativeTarget "simple-weather" */ = {
			isa = XCConfigurationList;
			buildConfigurations = (
				0397EC4A251461D400008AD1 /* Debug */,
				0397EC4B251461D400008AD1 /* Release */,
			);
			defaultConfigurationIsVisible = 0;
			defaultConfigurationName = Release;
		};
		0397EC4C251461D400008AD1 /* Build configuration list for PBXNativeTarget "simple-weatherTests" */ = {
			isa = XCConfigurationList;
			buildConfigurations = (
				0397EC4D251461D400008AD1 /* Debug */,
				0397EC4E251461D400008AD1 /* Release */,
			);
			defaultConfigurationIsVisible = 0;
			defaultConfigurationName = Release;
		};
		0397EC4F251461D400008AD1 /* Build configuration list for PBXNativeTarget "simple-weatherUITests" */ = {
			isa = XCConfigurationList;
			buildConfigurations = (
				0397EC50251461D400008AD1 /* Debug */,
				0397EC51251461D400008AD1 /* Release */,
			);
			defaultConfigurationIsVisible = 0;
			defaultConfigurationName = Release;
		};
/* End XCConfigurationList section */
	};
	rootObject = 0397EC17251461CD00008AD1 /* Project object */;
}
